
Microsoft Visual Studio Solution File, Format Version 12.00
# Visual Studio Version 17
VisualStudioVersion = 17.9.34714.143
MinimumVisualStudioVersion = 10.0.40219.1
Project("{FAE04EC0-301F-11D3-BF4B-00C04F79EFBC}") = "Mission11_CMatte", "Mission11_CMatte\Mission11_CMatte.csproj", "{75BAF44D-591A-4E87-AC50-E89407813761}"
EndProject
Global
	GlobalSection(SolutionConfigurationPlatforms) = preSolution
		Debug|Any CPU = Debug|Any CPU
		Release|Any CPU = Release|Any CPU
	EndGlobalSection
	GlobalSection(ProjectConfigurationPlatforms) = postSolution
		{75BAF44D-591A-4E87-AC50-E89407813761}.Debug|Any CPU.ActiveCfg = Debug|Any CPU
		{75BAF44D-591A-4E87-AC50-E89407813761}.Debug|Any CPU.Build.0 = Debug|Any CPU
		{75BAF44D-591A-4E87-AC50-E89407813761}.Release|Any CPU.ActiveCfg = Release|Any CPU
		{75BAF44D-591A-4E87-AC50-E89407813761}.Release|Any CPU.Build.0 = Release|Any CPU
	EndGlobalSection
	GlobalSection(SolutionProperties) = preSolution
		HideSolutionNode = FALSE
	EndGlobalSection
	GlobalSection(ExtensibilityGlobals) = postSolution
		SolutionGuid = {782878FF-88A2-4CD3-A9D7-F47B32224ACB}
	EndGlobalSection
EndGlobal
